
Microsoft Visual Studio Solution File, Format Version 12.00
# Visual Studio Version 17
VisualStudioVersion = 17.12.35527.113
MinimumVisualStudioVersion = 10.0.40219.1
Project("{FAE04EC0-301F-11D3-BF4B-00C04F79EFBC}") = "Pet_Hospital", "Pet_Hospital\Pet_Hospital.csproj", "{44E80072-BCA1-4392-9FCE-0452E00B8204}"
EndProject
Project("{FAE04EC0-301F-11D3-BF4B-00C04F79EFBC}") = "Repositories", "Reposatories\Repositories.csproj", "{AA71B7B1-F640-44C1-A5A4-0909EBBAD1C0}"
EndProject
Project("{FAE04EC0-301F-11D3-BF4B-00C04F79EFBC}") = "DataManger", "DataManger\DataManger.csproj", "{7D20BBE0-E6C6-4E69-BFF5-7FBFC22DFE00}"
EndProject
Project("{FAE04EC0-301F-11D3-BF4B-00C04F79EFBC}") = "Entities", "Entities\Entities.csproj", "{4115420E-F270-4734-9620-5C3A99E882F0}"
EndProject
Project("{FAE04EC0-301F-11D3-BF4B-00C04F79EFBC}") = "Identity", "Identity\Identity.csproj", "{487EA0BB-C37A-4936-A3ED-38D432A6A783}"
EndProject
Global
	GlobalSection(SolutionConfigurationPlatforms) = preSolution
		Debug|Any CPU = Debug|Any CPU
		Release|Any CPU = Release|Any CPU
	EndGlobalSection
	GlobalSection(ProjectConfigurationPlatforms) = postSolution
		{44E80072-BCA1-4392-9FCE-0452E00B8204}.Debug|Any CPU.ActiveCfg = Debug|Any CPU
		{44E80072-BCA1-4392-9FCE-0452E00B8204}.Debug|Any CPU.Build.0 = Debug|Any CPU
		{44E80072-BCA1-4392-9FCE-0452E00B8204}.Release|Any CPU.ActiveCfg = Release|Any CPU
		{44E80072-BCA1-4392-9FCE-0452E00B8204}.Release|Any CPU.Build.0 = Release|Any CPU
		{AA71B7B1-F640-44C1-A5A4-0909EBBAD1C0}.Debug|Any CPU.ActiveCfg = Debug|Any CPU
		{AA71B7B1-F640-44C1-A5A4-0909EBBAD1C0}.Debug|Any CPU.Build.0 = Debug|Any CPU
		{AA71B7B1-F640-44C1-A5A4-0909EBBAD1C0}.Release|Any CPU.ActiveCfg = Release|Any CPU
		{AA71B7B1-F640-44C1-A5A4-0909EBBAD1C0}.Release|Any CPU.Build.0 = Release|Any CPU
		{7D20BBE0-E6C6-4E69-BFF5-7FBFC22DFE00}.Debug|Any CPU.ActiveCfg = Debug|Any CPU
		{7D20BBE0-E6C6-4E69-BFF5-7FBFC22DFE00}.Debug|Any CPU.Build.0 = Debug|Any CPU
		{7D20BBE0-E6C6-4E69-BFF5-7FBFC22DFE00}.Release|Any CPU.ActiveCfg = Release|Any CPU
		{7D20BBE0-E6C6-4E69-BFF5-7FBFC22DFE00}.Release|Any CPU.Build.0 = Release|Any CPU
		{4115420E-F270-4734-9620-5C3A99E882F0}.Debug|Any CPU.ActiveCfg = Debug|Any CPU
		{4115420E-F270-4734-9620-5C3A99E882F0}.Debug|Any CPU.Build.0 = Debug|Any CPU
		{4115420E-F270-4734-9620-5C3A99E882F0}.Release|Any CPU.ActiveCfg = Release|Any CPU
		{4115420E-F270-4734-9620-5C3A99E882F0}.Release|Any CPU.Build.0 = Release|Any CPU
		{487EA0BB-C37A-4936-A3ED-38D432A6A783}.Debug|Any CPU.ActiveCfg = Debug|Any CPU
		{487EA0BB-C37A-4936-A3ED-38D432A6A783}.Debug|Any CPU.Build.0 = Debug|Any CPU
		{487EA0BB-C37A-4936-A3ED-38D432A6A783}.Release|Any CPU.ActiveCfg = Release|Any CPU
		{487EA0BB-C37A-4936-A3ED-38D432A6A783}.Release|Any CPU.Build.0 = Release|Any CPU
	EndGlobalSection
	GlobalSection(SolutionProperties) = preSolution
		HideSolutionNode = FALSE
	EndGlobalSection
	GlobalSection(ExtensibilityGlobals) = postSolution
		SolutionGuid = {D5D5CC47-69DC-4BCB-9075-A8B1DEE09DAD}
	EndGlobalSection
EndGlobal
